// !$*UTF8*$!
{
	archiveVersion = 1;
	classes = {
	};
	objectVersion = 50;
	objects = {

/* Begin PBXBuildFile section */
		5500C3AA245550FC0049D3EB /* AppDelegate.swift in Sources */ = {isa = PBXBuildFile; fileRef = 5500C3A9245550FC0049D3EB /* AppDelegate.swift */; };
		5500C3AC245550FC0049D3EB /* SceneDelegate.swift in Sources */ = {isa = PBXBuildFile; fileRef = 5500C3AB245550FC0049D3EB /* SceneDelegate.swift */; };
		5500C3AE245550FC0049D3EB /* LocationsViewController.swift in Sources */ = {isa = PBXBuildFile; fileRef = 5500C3AD245550FC0049D3EB /* LocationsViewController.swift */; };
		5500C3B1245550FC0049D3EB /* Main.storyboard in Resources */ = {isa = PBXBuildFile; fileRef = 5500C3AF245550FC0049D3EB /* Main.storyboard */; };
		5500C3B3245550FF0049D3EB /* Assets.xcassets in Resources */ = {isa = PBXBuildFile; fileRef = 5500C3B2245550FF0049D3EB /* Assets.xcassets */; };
		5500C3B6245550FF0049D3EB /* LaunchScreen.storyboard in Resources */ = {isa = PBXBuildFile; fileRef = 5500C3B4245550FF0049D3EB /* LaunchScreen.storyboard */; };
		5500C3BF245551400049D3EB /* PhotoAlbumViewController.swift in Sources */ = {isa = PBXBuildFile; fileRef = 5500C3BE245551400049D3EB /* PhotoAlbumViewController.swift */; };
		556B078E24562793000DDDF1 /* VirtualTourist.xcdatamodeld in Sources */ = {isa = PBXBuildFile; fileRef = 556B078C24562793000DDDF1 /* VirtualTourist.xcdatamodeld */; };
		556B079024562ACE000DDDF1 /* ImageResponse.swift in Sources */ = {isa = PBXBuildFile; fileRef = 556B078F24562ACE000DDDF1 /* ImageResponse.swift */; };
		556B079524562EDB000DDDF1 /* DataController.swift in Sources */ = {isa = PBXBuildFile; fileRef = 556B079424562EDB000DDDF1 /* DataController.swift */; };
		556B0797245670F4000DDDF1 /* FlickerAPI.swift in Sources */ = {isa = PBXBuildFile; fileRef = 556B0796245670F4000DDDF1 /* FlickerAPI.swift */; };
		556B079A245689FD000DDDF1 /* ImageCell.swift in Sources */ = {isa = PBXBuildFile; fileRef = 556B0799245689FD000DDDF1 /* ImageCell.swift */; };
		556B079D245777F0000DDDF1 /* Pin+Extensions.swift in Sources */ = {isa = PBXBuildFile; fileRef = 556B079C245777F0000DDDF1 /* Pin+Extensions.swift */; };
		556B079F245777FB000DDDF1 /* Photo+Extensions.swift in Sources */ = {isa = PBXBuildFile; fileRef = 556B079E245777FB000DDDF1 /* Photo+Extensions.swift */; };
/* End PBXBuildFile section */

/* Begin PBXFileReference section */
		5500C3A6245550FC0049D3EB /* Virtual Tourist.app */ = {isa = PBXFileReference; explicitFileType = wrapper.application; includeInIndex = 0; path = "Virtual Tourist.app"; sourceTree = BUILT_PRODUCTS_DIR; };
		5500C3A9245550FC0049D3EB /* AppDelegate.swift */ = {isa = PBXFileReference; lastKnownFileType = sourcecode.swift; path = AppDelegate.swift; sourceTree = "<group>"; };
		5500C3AB245550FC0049D3EB /* SceneDelegate.swift */ = {isa = PBXFileReference; lastKnownFileType = sourcecode.swift; path = SceneDelegate.swift; sourceTree = "<group>"; };
		5500C3AD245550FC0049D3EB /* LocationsViewController.swift */ = {isa = PBXFileReference; lastKnownFileType = sourcecode.swift; path = LocationsViewController.swift; sourceTree = "<group>"; };
		5500C3B0245550FC0049D3EB /* Base */ = {isa = PBXFileReference; lastKnownFileType = file.storyboard; name = Base; path = Base.lproj/Main.storyboard; sourceTree = "<group>"; };
		5500C3B2245550FF0049D3EB /* Assets.xcassets */ = {isa = PBXFileReference; lastKnownFileType = folder.assetcatalog; path = Assets.xcassets; sourceTree = "<group>"; };
		5500C3B5245550FF0049D3EB /* Base */ = {isa = PBXFileReference; lastKnownFileType = file.storyboard; name = Base; path = Base.lproj/LaunchScreen.storyboard; sourceTree = "<group>"; };
		5500C3B7245550FF0049D3EB /* Info.plist */ = {isa = PBXFileReference; lastKnownFileType = text.plist.xml; path = Info.plist; sourceTree = "<group>"; };
		5500C3BE245551400049D3EB /* PhotoAlbumViewController.swift */ = {isa = PBXFileReference; lastKnownFileType = sourcecode.swift; path = PhotoAlbumViewController.swift; sourceTree = "<group>"; };
		556B078D24562793000DDDF1 /* VirtualTourist.xcdatamodel */ = {isa = PBXFileReference; lastKnownFileType = wrapper.xcdatamodel; path = VirtualTourist.xcdatamodel; sourceTree = "<group>"; };
		556B078F24562ACE000DDDF1 /* ImageResponse.swift */ = {isa = PBXFileReference; lastKnownFileType = sourcecode.swift; path = ImageResponse.swift; sourceTree = "<group>"; };
		556B079424562EDB000DDDF1 /* DataController.swift */ = {isa = PBXFileReference; lastKnownFileType = sourcecode.swift; path = DataController.swift; sourceTree = "<group>"; };
		556B0796245670F4000DDDF1 /* FlickerAPI.swift */ = {isa = PBXFileReference; lastKnownFileType = sourcecode.swift; path = FlickerAPI.swift; sourceTree = "<group>"; };
		556B0799245689FD000DDDF1 /* ImageCell.swift */ = {isa = PBXFileReference; lastKnownFileType = sourcecode.swift; path = ImageCell.swift; sourceTree = "<group>"; };
		556B079C245777F0000DDDF1 /* Pin+Extensions.swift */ = {isa = PBXFileReference; lastKnownFileType = sourcecode.swift; path = "Pin+Extensions.swift"; sourceTree = "<group>"; };
		556B079E245777FB000DDDF1 /* Photo+Extensions.swift */ = {isa = PBXFileReference; lastKnownFileType = sourcecode.swift; path = "Photo+Extensions.swift"; sourceTree = "<group>"; };
/* End PBXFileReference section */

/* Begin PBXFrameworksBuildPhase section */
		5500C3A3245550FC0049D3EB /* Frameworks */ = {
			isa = PBXFrameworksBuildPhase;
			buildActionMask = 2147483647;
			files = (
			);
			runOnlyForDeploymentPostprocessing = 0;
		};
/* End PBXFrameworksBuildPhase section */

/* Begin PBXGroup section */
		5500C39D245550FC0049D3EB = {
			isa = PBXGroup;
			children = (
				5500C3A8245550FC0049D3EB /* Virtual Tourist */,
				5500C3A7245550FC0049D3EB /* Products */,
			);
			sourceTree = "<group>";
		};
		5500C3A7245550FC0049D3EB /* Products */ = {
			isa = PBXGroup;
			children = (
				5500C3A6245550FC0049D3EB /* Virtual Tourist.app */,
			);
			name = Products;
			sourceTree = "<group>";
		};
		5500C3A8245550FC0049D3EB /* Virtual Tourist */ = {
			isa = PBXGroup;
			children = (
				5500C3A9245550FC0049D3EB /* AppDelegate.swift */,
				5500C3AB245550FC0049D3EB /* SceneDelegate.swift */,
				556B078B24562780000DDDF1 /* Model */,
				5500C3BD245551100049D3EB /* Controller */,
				556B0798245689E3000DDDF1 /* View */,
				556B079B2456B714000DDDF1 /* StoryBoard */,
				5500C3B2245550FF0049D3EB /* Assets.xcassets */,
				5500C3B4245550FF0049D3EB /* LaunchScreen.storyboard */,
				5500C3B7245550FF0049D3EB /* Info.plist */,
			);
			path = "Virtual Tourist";
			sourceTree = "<group>";
		};
		5500C3BD245551100049D3EB /* Controller */ = {
			isa = PBXGroup;
			children = (
				5500C3AD245550FC0049D3EB /* LocationsViewController.swift */,
				5500C3BE245551400049D3EB /* PhotoAlbumViewController.swift */,
			);
			path = Controller;
			sourceTree = "<group>";
		};
		556B078B24562780000DDDF1 /* Model */ = {
			isa = PBXGroup;
			children = (
				556B0796245670F4000DDDF1 /* FlickerAPI.swift */,
				556B079324562EC0000DDDF1 /* Data */,
				556B079224562EAE000DDDF1 /* Responses */,
			);
			path = Model;
			sourceTree = "<group>";
		};
		556B079224562EAE000DDDF1 /* Responses */ = {
			isa = PBXGroup;
			children = (
				556B078F24562ACE000DDDF1 /* ImageResponse.swift */,
			);
			path = Responses;
			sourceTree = "<group>";
		};
		556B079324562EC0000DDDF1 /* Data */ = {
			isa = PBXGroup;
			children = (
				556B078C24562793000DDDF1 /* VirtualTourist.xcdatamodeld */,
				556B079424562EDB000DDDF1 /* DataController.swift */,
				556B079C245777F0000DDDF1 /* Pin+Extensions.swift */,
				556B079E245777FB000DDDF1 /* Photo+Extensions.swift */,
			);
			path = Data;
			sourceTree = "<group>";
		};
		556B0798245689E3000DDDF1 /* View */ = {
			isa = PBXGroup;
			children = (
				556B0799245689FD000DDDF1 /* ImageCell.swift */,
			);
			path = View;
			sourceTree = "<group>";
		};
		556B079B2456B714000DDDF1 /* StoryBoard */ = {
			isa = PBXGroup;
			children = (
				5500C3AF245550FC0049D3EB /* Main.storyboard */,
			);
			path = StoryBoard;
			sourceTree = "<group>";
		};
/* End PBXGroup section */

/* Begin PBXNativeTarget section */
		5500C3A5245550FC0049D3EB /* Virtual Tourist */ = {
			isa = PBXNativeTarget;
			buildConfigurationList = 5500C3BA245550FF0049D3EB /* Build configuration list for PBXNativeTarget "Virtual Tourist" */;
			buildPhases = (
				5500C3A2245550FC0049D3EB /* Sources */,
				5500C3A3245550FC0049D3EB /* Frameworks */,
				5500C3A4245550FC0049D3EB /* Resources */,
			);
			buildRules = (
			);
			dependencies = (
			);
			name = "Virtual Tourist";
			productName = "Virtual Tourist";
			productReference = 5500C3A6245550FC0049D3EB /* Virtual Tourist.app */;
			productType = "com.apple.product-type.application";
		};
/* End PBXNativeTarget section */

/* Begin PBXProject section */
		5500C39E245550FC0049D3EB /* Project object */ = {
			isa = PBXProject;
			attributes = {
				LastSwiftUpdateCheck = 1130;
				LastUpgradeCheck = 1130;
				ORGANIZATIONNAME = "Abdalla Elshikh";
				TargetAttributes = {
					5500C3A5245550FC0049D3EB = {
						CreatedOnToolsVersion = 11.3.1;
					};
				};
			};
			buildConfigurationList = 5500C3A1245550FC0049D3EB /* Build configuration list for PBXProject "Virtual Tourist" */;
			compatibilityVersion = "Xcode 9.3";
			developmentRegion = en;
			hasScannedForEncodings = 0;
			knownRegions = (
				en,
				Base,
			);
			mainGroup = 5500C39D245550FC0049D3EB;
			productRefGroup = 5500C3A7245550FC0049D3EB /* Products */;
			projectDirPath = "";
			projectRoot = "";
			targets = (
				5500C3A5245550FC0049D3EB /* Virtual Tourist */,
			);
		};
/* End PBXProject section */

/* Begin PBXResourcesBuildPhase section */
		5500C3A4245550FC0049D3EB /* Resources */ = {
			isa = PBXResourcesBuildPhase;
			buildActionMask = 2147483647;
			files = (
				5500C3B6245550FF0049D3EB /* LaunchScreen.storyboard in Resources */,
				5500C3B3245550FF0049D3EB /* Assets.xcassets in Resources */,
				5500C3B1245550FC0049D3EB /* Main.storyboard in Resources */,
			);
			runOnlyForDeploymentPostprocessing = 0;
		};
/* End PBXResourcesBuildPhase section */

/* Begin PBXSourcesBuildPhase section */
		5500C3A2245550FC0049D3EB /* Sources */ = {
			isa = PBXSourcesBuildPhase;
			buildActionMask = 2147483647;
			files = (
				556B079524562EDB000DDDF1 /* DataController.swift in Sources */,
				5500C3AE245550FC0049D3EB /* LocationsViewController.swift in Sources */,
				556B079A245689FD000DDDF1 /* ImageCell.swift in Sources */,
				556B079F245777FB000DDDF1 /* Photo+Extensions.swift in Sources */,
				556B079D245777F0000DDDF1 /* Pin+Extensions.swift in Sources */,
				556B079024562ACE000DDDF1 /* ImageResponse.swift in Sources */,
				556B078E24562793000DDDF1 /* VirtualTourist.xcdatamodeld in Sources */,
				5500C3AA245550FC0049D3EB /* AppDelegate.swift in Sources */,
				556B0797245670F4000DDDF1 /* FlickerAPI.swift in Sources */,
				5500C3AC245550FC0049D3EB /* SceneDelegate.swift in Sources */,
				5500C3BF245551400049D3EB /* PhotoAlbumViewController.swift in Sources */,
			);
			runOnlyForDeploymentPostprocessing = 0;
		};
/* End PBXSourcesBuildPhase section */

/* Begin PBXVariantGroup section */
		5500C3AF245550FC0049D3EB /* Main.storyboard */ = {
			isa = PBXVariantGroup;
			children = (
				5500C3B0245550FC0049D3EB /* Base */,
			);
			name = Main.storyboard;
			sourceTree = "<group>";
		};
		5500C3B4245550FF0049D3EB /* LaunchScreen.storyboard */ = {
			isa = PBXVariantGroup;
			children = (
				5500C3B5245550FF0049D3EB /* Base */,
			);
			name = LaunchScreen.storyboard;
			sourceTree = "<group>";
		};
/* End PBXVariantGroup section */

/* Begin XCBuildConfiguration section */
		5500C3B8245550FF0049D3EB /* Debug */ = {
			isa = XCBuildConfiguration;
			buildSettings = {
				ALWAYS_SEARCH_USER_PATHS = NO;
				CLANG_ANALYZER_NONNULL = YES;
				CLANG_ANALYZER_NUMBER_OBJECT_CONVERSION = YES_AGGRESSIVE;
				CLANG_CXX_LANGUAGE_STANDARD = "gnu++14";
				CLANG_CXX_LIBRARY = "libc++";
				CLANG_ENABLE_MODULES = YES;
				CLANG_ENABLE_OBJC_ARC = YES;
				CLANG_ENABLE_OBJC_WEAK = YES;
				CLANG_WARN_BLOCK_CAPTURE_AUTORELEASING = YES;
				CLANG_WARN_BOOL_CONVERSION = YES;
				CLANG_WARN_COMMA = YES;
				CLANG_WARN_CONSTANT_CONVERSION = YES;
				CLANG_WARN_DEPRECATED_OBJC_IMPLEMENTATIONS = YES;
				CLANG_WARN_DIRECT_OBJC_ISA_USAGE = YES_ERROR;
				CLANG_WARN_DOCUMENTATION_COMMENTS = YES;
				CLANG_WARN_EMPTY_BODY = YES;
				CLANG_WARN_ENUM_CONVERSION = YES;
				CLANG_WARN_INFINITE_RECURSION = YES;
				CLANG_WARN_INT_CONVERSION = YES;
				CLANG_WARN_NON_LITERAL_NULL_CONVERSION = YES;
				CLANG_WARN_OBJC_IMPLICIT_RETAIN_SELF = YES;
				CLANG_WARN_OBJC_LITERAL_CONVERSION = YES;
				CLANG_WARN_OBJC_ROOT_CLASS = YES_ERROR;
				CLANG_WARN_RANGE_LOOP_ANALYSIS = YES;
				CLANG_WARN_STRICT_PROTOTYPES = YES;
				CLANG_WARN_SUSPICIOUS_MOVE = YES;
				CLANG_WARN_UNGUARDED_AVAILABILITY = YES_AGGRESSIVE;
				CLANG_WARN_UNREACHABLE_CODE = YES;
				CLANG_WARN__DUPLICATE_METHOD_MATCH = YES;
				COPY_PHASE_STRIP = NO;
				DEBUG_INFORMATION_FORMAT = dwarf;
				ENABLE_STRICT_OBJC_MSGSEND = YES;
				ENABLE_TESTABILITY = YES;
				GCC_C_LANGUAGE_STANDARD = gnu11;
				GCC_DYNAMIC_NO_PIC = NO;
				GCC_NO_COMMON_BLOCKS = YES;
				GCC_OPTIMIZATION_LEVEL = 0;
				GCC_PREPROCESSOR_DEFINITIONS = (
					"DEBUG=1",
					"$(inherited)",
				);
				GCC_WARN_64_TO_32_BIT_CONVERSION = YES;
				GCC_WARN_ABOUT_RETURN_TYPE = YES_ERROR;
				GCC_WARN_UNDECLARED_SELECTOR = YES;
				GCC_WARN_UNINITIALIZED_AUTOS = YES_AGGRESSIVE;
				GCC_WARN_UNUSED_FUNCTION = YES;
				GCC_WARN_UNUSED_VARIABLE = YES;
				IPHONEOS_DEPLOYMENT_TARGET = 13.2;
				MTL_ENABLE_DEBUG_INFO = INCLUDE_SOURCE;
				MTL_FAST_MATH = YES;
				ONLY_ACTIVE_ARCH = YES;
				SDKROOT = iphoneos;
				SWIFT_ACTIVE_COMPILATION_CONDITIONS = DEBUG;
				SWIFT_OPTIMIZATION_LEVEL = "-Onone";
			};
			name = Debug;
		};
		5500C3B9245550FF0049D3EB /* Release */ = {
			isa = XCBuildConfiguration;
			buildSettings = {
				ALWAYS_SEARCH_USER_PATHS = NO;
				CLANG_ANALYZER_NONNULL = YES;
				CLANG_ANALYZER_NUMBER_OBJECT_CONVERSION = YES_AGGRESSIVE;
				CLANG_CXX_LANGUAGE_STANDARD = "gnu++14";
				CLANG_CXX_LIBRARY = "libc++";
				CLANG_ENABLE_MODULES = YES;
				CLANG_ENABLE_OBJC_ARC = YES;
				CLANG_ENABLE_OBJC_WEAK = YES;
				CLANG_WARN_BLOCK_CAPTURE_AUTORELEASING = YES;
				CLANG_WARN_BOOL_CONVERSION = YES;
				CLANG_WARN_COMMA = YES;
				CLANG_WARN_CONSTANT_CONVERSION = YES;
				CLANG_WARN_DEPRECATED_OBJC_IMPLEMENTATIONS = YES;
				CLANG_WARN_DIRECT_OBJC_ISA_USAGE = YES_ERROR;
				CLANG_WARN_DOCUMENTATION_COMMENTS = YES;
				CLANG_WARN_EMPTY_BODY = YES;
				CLANG_WARN_ENUM_CONVERSION = YES;
				CLANG_WARN_INFINITE_RECURSION = YES;
				CLANG_WARN_INT_CONVERSION = YES;
				CLANG_WARN_NON_LITERAL_NULL_CONVERSION = YES;
				CLANG_WARN_OBJC_IMPLICIT_RETAIN_SELF = YES;
				CLANG_WARN_OBJC_LITERAL_CONVERSION = YES;
				CLANG_WARN_OBJC_ROOT_CLASS = YES_ERROR;
				CLANG_WARN_RANGE_LOOP_ANALYSIS = YES;
				CLANG_WARN_STRICT_PROTOTYPES = YES;
				CLANG_WARN_SUSPICIOUS_MOVE = YES;
				CLANG_WARN_UNGUARDED_AVAILABILITY = YES_AGGRESSIVE;
				CLANG_WARN_UNREACHABLE_CODE = YES;
				CLANG_WARN__DUPLICATE_METHOD_MATCH = YES;
				COPY_PHASE_STRIP = NO;
				DEBUG_INFORMATION_FORMAT = "dwarf-with-dsym";
				ENABLE_NS_ASSERTIONS = NO;
				ENABLE_STRICT_OBJC_MSGSEND = YES;
				GCC_C_LANGUAGE_STANDARD = gnu11;
				GCC_NO_COMMON_BLOCKS = YES;
				GCC_WARN_64_TO_32_BIT_CONVERSION = YES;
				GCC_WARN_ABOUT_RETURN_TYPE = YES_ERROR;
				GCC_WARN_UNDECLARED_SELECTOR = YES;
				GCC_WARN_UNINITIALIZED_AUTOS = YES_AGGRESSIVE;
				GCC_WARN_UNUSED_FUNCTION = YES;
				GCC_WARN_UNUSED_VARIABLE = YES;
				IPHONEOS_DEPLOYMENT_TARGET = 13.2;
				MTL_ENABLE_DEBUG_INFO = NO;
				MTL_FAST_MATH = YES;
				SDKROOT = iphoneos;
				SWIFT_COMPILATION_MODE = wholemodule;
				SWIFT_OPTIMIZATION_LEVEL = "-O";
				VALIDATE_PRODUCT = YES;
			};
			name = Release;
		};
		5500C3BB245550FF0049D3EB /* Debug */ = {
			isa = XCBuildConfiguration;
			buildSettings = {
				ASSETCATALOG_COMPILER_APPICON_NAME = AppIcon;
				CODE_SIGN_STYLE = Automatic;
				DEVELOPMENT_TEAM = 2S25RMM2MZ;
				INFOPLIST_FILE = "Virtual Tourist/Info.plist";
				LD_RUNPATH_SEARCH_PATHS = (
					"$(inherited)",
					"@executable_path/Frameworks",
				);
				PRODUCT_BUNDLE_IDENTIFIER = "com.test.Virtual-Tourist";
				PRODUCT_NAME = "$(TARGET_NAME)";
				SWIFT_VERSION = 5.0;
				TARGETED_DEVICE_FAMILY = "1,2";
			};
			name = Debug;
		};
		5500C3BC245550FF0049D3EB /* Release */ = {
			isa = XCBuildConfiguration;
			buildSettings = {
				ASSETCATALOG_COMPILER_APPICON_NAME = AppIcon;
				CODE_SIGN_STYLE = Automatic;
				DEVELOPMENT_TEAM = 2S25RMM2MZ;
				INFOPLIST_FILE = "Virtual Tourist/Info.plist";
				LD_RUNPATH_SEARCH_PATHS = (
					"$(inherited)",
					"@executable_path/Frameworks",
				);
				PRODUCT_BUNDLE_IDENTIFIER = "com.test.Virtual-Tourist";
				PRODUCT_NAME = "$(TARGET_NAME)";
				SWIFT_VERSION = 5.0;
				TARGETED_DEVICE_FAMILY = "1,2";
			};
			name = Release;
		};
/* End XCBuildConfiguration section */

/* Begin XCConfigurationList section */
		5500C3A1245550FC0049D3EB /* Build configuration list for PBXProject "Virtual Tourist" */ = {
			isa = XCConfigurationList;
			buildConfigurations = (
				5500C3B8245550FF0049D3EB /* Debug */,
				5500C3B9245550FF0049D3EB /* Release */,
			);
			defaultConfigurationIsVisible = 0;
			defaultConfigurationName = Release;
		};
		5500C3BA245550FF0049D3EB /* Build configuration list for PBXNativeTarget "Virtual Tourist" */ = {
			isa = XCConfigurationList;
			buildConfigurations = (
				5500C3BB245550FF0049D3EB /* Debug */,
				5500C3BC245550FF0049D3EB /* Release */,
			);
			defaultConfigurationIsVisible = 0;
			defaultConfigurationName = Release;
		};
/* End XCConfigurationList section */

/* Begin XCVersionGroup section */
		556B078C24562793000DDDF1 /* VirtualTourist.xcdatamodeld */ = {
			isa = XCVersionGroup;
			children = (
				556B078D24562793000DDDF1 /* VirtualTourist.xcdatamodel */,
			);
			currentVersion = 556B078D24562793000DDDF1 /* VirtualTourist.xcdatamodel */;
			path = VirtualTourist.xcdatamodeld;
			sourceTree = "<group>";
			versionGroupType = wrapper.xcdatamodel;
		};
/* End XCVersionGroup section */
	};
	rootObject = 5500C39E245550FC0049D3EB /* Project object */;
}
